
Microsoft Visual Studio Solution File, Format Version 12.00
# Visual Studio 14
VisualStudioVersion = 14.0.25420.1
MinimumVisualStudioVersion = 10.0.40219.1
Project("{FAE04EC0-301F-11D3-BF4B-00C04F79EFBC}") = "InheritedFuntions", "InheritedFuntions\InheritedFuntions.csproj", "{AC6817C0-4305-41E7-B74D-03850766FDEC}"
EndProject
Project("{FAE04EC0-301F-11D3-BF4B-00C04F79EFBC}") = "MatrixRotation", "MatrixRotation\MatrixRotation.csproj", "{AB0BB3E1-547C-46B1-97DA-4440657FCA54}"
EndProject
Project("{FAE04EC0-301F-11D3-BF4B-00C04F79EFBC}") = "BangaloreBank", "BangaloreBank\BangaloreBank.csproj", "{D652E0B6-A5D5-4C9E-8431-E97FADE19385}"
EndProject
Global
	GlobalSection(SolutionConfigurationPlatforms) = preSolution
		Debug|Any CPU = Debug|Any CPU
		Release|Any CPU = Release|Any CPU
	EndGlobalSection
	GlobalSection(ProjectConfigurationPlatforms) = postSolution
		{AC6817C0-4305-41E7-B74D-03850766FDEC}.Debug|Any CPU.ActiveCfg = Debug|Any CPU
		{AC6817C0-4305-41E7-B74D-03850766FDEC}.Debug|Any CPU.Build.0 = Debug|Any CPU
		{AC6817C0-4305-41E7-B74D-03850766FDEC}.Release|Any CPU.ActiveCfg = Release|Any CPU
		{AC6817C0-4305-41E7-B74D-03850766FDEC}.Release|Any CPU.Build.0 = Release|Any CPU
		{AB0BB3E1-547C-46B1-97DA-4440657FCA54}.Debug|Any CPU.ActiveCfg = Debug|Any CPU
		{AB0BB3E1-547C-46B1-97DA-4440657FCA54}.Debug|Any CPU.Build.0 = Debug|Any CPU
		{AB0BB3E1-547C-46B1-97DA-4440657FCA54}.Release|Any CPU.ActiveCfg = Release|Any CPU
		{AB0BB3E1-547C-46B1-97DA-4440657FCA54}.Release|Any CPU.Build.0 = Release|Any CPU
		{D652E0B6-A5D5-4C9E-8431-E97FADE19385}.Debug|Any CPU.ActiveCfg = Debug|Any CPU
		{D652E0B6-A5D5-4C9E-8431-E97FADE19385}.Debug|Any CPU.Build.0 = Debug|Any CPU
		{D652E0B6-A5D5-4C9E-8431-E97FADE19385}.Release|Any CPU.ActiveCfg = Release|Any CPU
		{D652E0B6-A5D5-4C9E-8431-E97FADE19385}.Release|Any CPU.Build.0 = Release|Any CPU
	EndGlobalSection
	GlobalSection(SolutionProperties) = preSolution
		HideSolutionNode = FALSE
	EndGlobalSection
EndGlobal
