
Microsoft Visual Studio Solution File, Format Version 12.00
# Visual Studio 14
VisualStudioVersion = 14.0.25420.1
MinimumVisualStudioVersion = 10.0.40219.1
Project("{FAE04EC0-301F-11D3-BF4B-00C04F79EFBC}") = "InheritedFuntions", "InheritedFuntions\InheritedFuntions.csproj", "{AC6817C0-4305-41E7-B74D-03850766FDEC}"
EndProject
Project("{FAE04EC0-301F-11D3-BF4B-00C04F79EFBC}") = "Pangrams", "Pangrams\Pangrams.csproj", "{B28A610E-76C8-460D-8CE2-F142D8308291}"
EndProject
Global
	GlobalSection(SolutionConfigurationPlatforms) = preSolution
		Debug|Any CPU = Debug|Any CPU
		Release|Any CPU = Release|Any CPU
	EndGlobalSection
	GlobalSection(ProjectConfigurationPlatforms) = postSolution
		{AC6817C0-4305-41E7-B74D-03850766FDEC}.Debug|Any CPU.ActiveCfg = Debug|Any CPU
		{AC6817C0-4305-41E7-B74D-03850766FDEC}.Debug|Any CPU.Build.0 = Debug|Any CPU
		{AC6817C0-4305-41E7-B74D-03850766FDEC}.Release|Any CPU.ActiveCfg = Release|Any CPU
		{AC6817C0-4305-41E7-B74D-03850766FDEC}.Release|Any CPU.Build.0 = Release|Any CPU
		{B28A610E-76C8-460D-8CE2-F142D8308291}.Debug|Any CPU.ActiveCfg = Debug|Any CPU
		{B28A610E-76C8-460D-8CE2-F142D8308291}.Debug|Any CPU.Build.0 = Debug|Any CPU
		{B28A610E-76C8-460D-8CE2-F142D8308291}.Release|Any CPU.ActiveCfg = Release|Any CPU
		{B28A610E-76C8-460D-8CE2-F142D8308291}.Release|Any CPU.Build.0 = Release|Any CPU
	EndGlobalSection
	GlobalSection(SolutionProperties) = preSolution
		HideSolutionNode = FALSE
	EndGlobalSection
EndGlobal
